
Microsoft Visual Studio Solution File, Format Version 12.00
# Visual Studio Version 17
VisualStudioVersion = 17.14.36518.9 d17.14
MinimumVisualStudioVersion = 10.0.40219.1
Project("{FAE04EC0-301F-11D3-BF4B-00C04F79EFBC}") = "stoktakıp", "stoktakıp\stoktakıp.csproj", "{821AD8C4-128E-49DD-BA92-920CE08EDB49}"
EndProject
Global
	GlobalSection(SolutionConfigurationPlatforms) = preSolution
		Debug|Any CPU = Debug|Any CPU
		Release|Any CPU = Release|Any CPU
	EndGlobalSection
	GlobalSection(ProjectConfigurationPlatforms) = postSolution
		{821AD8C4-128E-49DD-BA92-920CE08EDB49}.Debug|Any CPU.ActiveCfg = Debug|Any CPU
		{821AD8C4-128E-49DD-BA92-920CE08EDB49}.Debug|Any CPU.Build.0 = Debug|Any CPU
		{821AD8C4-128E-49DD-BA92-920CE08EDB49}.Release|Any CPU.ActiveCfg = Release|Any CPU
		{821AD8C4-128E-49DD-BA92-920CE08EDB49}.Release|Any CPU.Build.0 = Release|Any CPU
	EndGlobalSection
	GlobalSection(SolutionProperties) = preSolution
		HideSolutionNode = FALSE
	EndGlobalSection
	GlobalSection(ExtensibilityGlobals) = postSolution
		SolutionGuid = {A08E8CED-F777-48AC-9740-5E013A7C96DC}
	EndGlobalSection
EndGlobal
